// !$*UTF8*$!
{
	archiveVersion = 1;
	classes = {
	};
	objectVersion = 50;
	objects = {

/* Begin PBXBuildFile section */
		9503980A241F76FA0013099C /* DynamicList.swift in Sources */ = {isa = PBXBuildFile; fileRef = 95039809241F76FA0013099C /* DynamicList.swift */; };
		9503980E241F78DD0013099C /* ViewContainer.swift in Sources */ = {isa = PBXBuildFile; fileRef = 9503980D241F78DD0013099C /* ViewContainer.swift */; };
		95039811241F80B00013099C /* TaskList.xcdatamodeld in Sources */ = {isa = PBXBuildFile; fileRef = 9503980F241F80B00013099C /* TaskList.xcdatamodeld */; };
		95039813241F81020013099C /* FetchData.swift in Sources */ = {isa = PBXBuildFile; fileRef = 95039812241F81020013099C /* FetchData.swift */; };
		95039817241F81420013099C /* Task+Extensions.swift in Sources */ = {isa = PBXBuildFile; fileRef = 95039816241F81420013099C /* Task+Extensions.swift */; };
		95039819241F84CE0013099C /* Preferencekey.swift in Sources */ = {isa = PBXBuildFile; fileRef = 95039818241F84CE0013099C /* Preferencekey.swift */; };
		9503981B241F8BF00013099C /* Localized.swift in Sources */ = {isa = PBXBuildFile; fileRef = 9503981A241F8BF00013099C /* Localized.swift */; };
		9503982D241F96190013099C /* Imagepicker.swift in Sources */ = {isa = PBXBuildFile; fileRef = 9503982C241F96190013099C /* Imagepicker.swift */; };
		95039831241F98EF0013099C /* ControllerRepresent.swift in Sources */ = {isa = PBXBuildFile; fileRef = 95039830241F98EF0013099C /* ControllerRepresent.swift */; };
		95039833241F9A720013099C /* FrameworkList.swift in Sources */ = {isa = PBXBuildFile; fileRef = 95039832241F9A720013099C /* FrameworkList.swift */; };
		95039835241FA2540013099C /* ViewRepresent.swift in Sources */ = {isa = PBXBuildFile; fileRef = 95039834241FA2540013099C /* ViewRepresent.swift */; };
		F788E1382410087D006C8423 /* BasicComponent.swift in Sources */ = {isa = PBXBuildFile; fileRef = F788E1372410087D006C8423 /* BasicComponent.swift */; };
		F788E13A241008AD006C8423 /* ValueSelector.swift in Sources */ = {isa = PBXBuildFile; fileRef = F788E139241008AD006C8423 /* ValueSelector.swift */; };
		F788E14224101D7C006C8423 /* ViewBuilderDemo.swift in Sources */ = {isa = PBXBuildFile; fileRef = F788E14124101D7B006C8423 /* ViewBuilderDemo.swift */; };
		F788E144241028F8006C8423 /* Alert_ActionSheet.swift in Sources */ = {isa = PBXBuildFile; fileRef = F788E143241028F8006C8423 /* Alert_ActionSheet.swift */; };
		F788E14924116DF7006C8423 /* ImplicitAnimation.swift in Sources */ = {isa = PBXBuildFile; fileRef = F788E14824116DF7006C8423 /* ImplicitAnimation.swift */; };
		F788E14B24116EE1006C8423 /* AnimationList.swift in Sources */ = {isa = PBXBuildFile; fileRef = F788E14A24116EE1006C8423 /* AnimationList.swift */; };
		F788E14D241170B5006C8423 /* CustomAnimation.swift in Sources */ = {isa = PBXBuildFile; fileRef = F788E14C241170B5006C8423 /* CustomAnimation.swift */; };
		F788E14F24117255006C8423 /* AnimationBinder.swift in Sources */ = {isa = PBXBuildFile; fileRef = F788E14E24117255006C8423 /* AnimationBinder.swift */; };
		F788E15124117525006C8423 /* ExplicitAnimation.swift in Sources */ = {isa = PBXBuildFile; fileRef = F788E15024117525006C8423 /* ExplicitAnimation.swift */; };
		F788E153241176EE006C8423 /* ControllingAnimation.swift in Sources */ = {isa = PBXBuildFile; fileRef = F788E152241176EE006C8423 /* ControllingAnimation.swift */; };
		F788E15524117833006C8423 /* GestureAnimation.swift in Sources */ = {isa = PBXBuildFile; fileRef = F788E15424117833006C8423 /* GestureAnimation.swift */; };
		F788E15724117A41006C8423 /* ShowHideAnimation.swift in Sources */ = {isa = PBXBuildFile; fileRef = F788E15624117A41006C8423 /* ShowHideAnimation.swift */; };
		F788E15924118339006C8423 /* Anyview.swift in Sources */ = {isa = PBXBuildFile; fileRef = F788E15824118339006C8423 /* Anyview.swift */; };
		F7BBA64E240F365B005AF4C1 /* AppDelegate.swift in Sources */ = {isa = PBXBuildFile; fileRef = F7BBA64D240F365B005AF4C1 /* AppDelegate.swift */; };
		F7BBA650240F365B005AF4C1 /* SceneDelegate.swift in Sources */ = {isa = PBXBuildFile; fileRef = F7BBA64F240F365B005AF4C1 /* SceneDelegate.swift */; };
		F7BBA652240F365B005AF4C1 /* ContentView.swift in Sources */ = {isa = PBXBuildFile; fileRef = F7BBA651240F365B005AF4C1 /* ContentView.swift */; };
		F7BBA654240F365E005AF4C1 /* Assets.xcassets in Resources */ = {isa = PBXBuildFile; fileRef = F7BBA653240F365E005AF4C1 /* Assets.xcassets */; };
		F7BBA657240F365E005AF4C1 /* Preview Assets.xcassets in Resources */ = {isa = PBXBuildFile; fileRef = F7BBA656240F365E005AF4C1 /* Preview Assets.xcassets */; };
		F7BBA65A240F365E005AF4C1 /* LaunchScreen.storyboard in Resources */ = {isa = PBXBuildFile; fileRef = F7BBA658240F365E005AF4C1 /* LaunchScreen.storyboard */; };
		F7BF0E0C241E860000711AA2 /* GestureList.swift in Sources */ = {isa = PBXBuildFile; fileRef = F7BF0E0B241E860000711AA2 /* GestureList.swift */; };
		F7BF0E0E241E86C200711AA2 /* Tapgesture.swift in Sources */ = {isa = PBXBuildFile; fileRef = F7BF0E0D241E86C200711AA2 /* Tapgesture.swift */; };
		F7BF0E10241E86D600711AA2 /* LongPressGesture.swift in Sources */ = {isa = PBXBuildFile; fileRef = F7BF0E0F241E86D600711AA2 /* LongPressGesture.swift */; };
		F7BF0E12241E86F000711AA2 /* DragGesture.swift in Sources */ = {isa = PBXBuildFile; fileRef = F7BF0E11241E86F000711AA2 /* DragGesture.swift */; };
		F7BF0E14241E870100711AA2 /* MagnificationGesture.swift in Sources */ = {isa = PBXBuildFile; fileRef = F7BF0E13241E870100711AA2 /* MagnificationGesture.swift */; };
		F7C45A06241E8A8400B79333 /* SimultaneousGesture.swift in Sources */ = {isa = PBXBuildFile; fileRef = F7C45A05241E8A8400B79333 /* SimultaneousGesture.swift */; };
		F7C45A08241E8AB100B79333 /* SequenceGesture.swift in Sources */ = {isa = PBXBuildFile; fileRef = F7C45A07241E8AB100B79333 /* SequenceGesture.swift */; };
		F7C45A0A241E8B1B00B79333 /* ExclusiveGesture.swift in Sources */ = {isa = PBXBuildFile; fileRef = F7C45A09241E8B1B00B79333 /* ExclusiveGesture.swift */; };
		F7C45A0C241E8C1A00B79333 /* GestureMaskEventModifier.swift in Sources */ = {isa = PBXBuildFile; fileRef = F7C45A0B241E8C1A00B79333 /* GestureMaskEventModifier.swift */; };
		F7C45A0F241E8CC600B79333 /* BIndingDemo.swift in Sources */ = {isa = PBXBuildFile; fileRef = F7C45A0E241E8CC600B79333 /* BIndingDemo.swift */; };
		F7C45A11241E8D4600B79333 /* StateDataList.swift in Sources */ = {isa = PBXBuildFile; fileRef = F7C45A10241E8D4600B79333 /* StateDataList.swift */; };
		F7C45A13241E8DF200B79333 /* ObservedObj.swift in Sources */ = {isa = PBXBuildFile; fileRef = F7C45A12241E8DF200B79333 /* ObservedObj.swift */; };
		F7C45A15241E8E4000B79333 /* EnvironmentObj.swift in Sources */ = {isa = PBXBuildFile; fileRef = F7C45A14241E8E4000B79333 /* EnvironmentObj.swift */; };
/* End PBXBuildFile section */

/* Begin PBXFileReference section */
		95039809241F76FA0013099C /* DynamicList.swift */ = {isa = PBXFileReference; lastKnownFileType = sourcecode.swift; path = DynamicList.swift; sourceTree = "<group>"; };
		9503980D241F78DD0013099C /* ViewContainer.swift */ = {isa = PBXFileReference; lastKnownFileType = sourcecode.swift; path = ViewContainer.swift; sourceTree = "<group>"; };
		95039810241F80B00013099C /* TaskList.xcdatamodel */ = {isa = PBXFileReference; lastKnownFileType = wrapper.xcdatamodel; path = TaskList.xcdatamodel; sourceTree = "<group>"; };
		95039812241F81020013099C /* FetchData.swift */ = {isa = PBXFileReference; lastKnownFileType = sourcecode.swift; path = FetchData.swift; sourceTree = "<group>"; };
		95039816241F81420013099C /* Task+Extensions.swift */ = {isa = PBXFileReference; lastKnownFileType = sourcecode.swift; path = "Task+Extensions.swift"; sourceTree = "<group>"; };
		95039818241F84CE0013099C /* Preferencekey.swift */ = {isa = PBXFileReference; lastKnownFileType = sourcecode.swift; path = Preferencekey.swift; sourceTree = "<group>"; };
		9503981A241F8BF00013099C /* Localized.swift */ = {isa = PBXFileReference; lastKnownFileType = sourcecode.swift; path = Localized.swift; sourceTree = "<group>"; };
		9503981F241F8CF80013099C /* Base */ = {isa = PBXFileReference; lastKnownFileType = file.storyboard; name = Base; path = Base.lproj/LaunchScreen.storyboard; sourceTree = "<group>"; };
		95039827241F8DD50013099C /* de */ = {isa = PBXFileReference; lastKnownFileType = text.plist.strings; name = de; path = de.lproj/LaunchScreen.strings; sourceTree = "<group>"; };
		9503982A241F8E0F0013099C /* en */ = {isa = PBXFileReference; lastKnownFileType = text.plist.strings; name = en; path = en.lproj/LaunchScreen.strings; sourceTree = "<group>"; };
		9503982C241F96190013099C /* Imagepicker.swift */ = {isa = PBXFileReference; lastKnownFileType = sourcecode.swift; path = Imagepicker.swift; sourceTree = "<group>"; };
		95039830241F98EF0013099C /* ControllerRepresent.swift */ = {isa = PBXFileReference; lastKnownFileType = sourcecode.swift; path = ControllerRepresent.swift; sourceTree = "<group>"; };
		95039832241F9A720013099C /* FrameworkList.swift */ = {isa = PBXFileReference; lastKnownFileType = sourcecode.swift; path = FrameworkList.swift; sourceTree = "<group>"; };
		95039834241FA2540013099C /* ViewRepresent.swift */ = {isa = PBXFileReference; lastKnownFileType = sourcecode.swift; path = ViewRepresent.swift; sourceTree = "<group>"; };
		F788E1372410087D006C8423 /* BasicComponent.swift */ = {isa = PBXFileReference; lastKnownFileType = sourcecode.swift; path = BasicComponent.swift; sourceTree = "<group>"; };
		F788E139241008AD006C8423 /* ValueSelector.swift */ = {isa = PBXFileReference; lastKnownFileType = sourcecode.swift; path = ValueSelector.swift; sourceTree = "<group>"; };
		F788E14124101D7B006C8423 /* ViewBuilderDemo.swift */ = {isa = PBXFileReference; lastKnownFileType = sourcecode.swift; path = ViewBuilderDemo.swift; sourceTree = "<group>"; };
		F788E143241028F8006C8423 /* Alert_ActionSheet.swift */ = {isa = PBXFileReference; lastKnownFileType = sourcecode.swift; path = Alert_ActionSheet.swift; sourceTree = "<group>"; };
		F788E14824116DF7006C8423 /* ImplicitAnimation.swift */ = {isa = PBXFileReference; lastKnownFileType = sourcecode.swift; path = ImplicitAnimation.swift; sourceTree = "<group>"; };
		F788E14A24116EE1006C8423 /* AnimationList.swift */ = {isa = PBXFileReference; lastKnownFileType = sourcecode.swift; path = AnimationList.swift; sourceTree = "<group>"; };
		F788E14C241170B5006C8423 /* CustomAnimation.swift */ = {isa = PBXFileReference; lastKnownFileType = sourcecode.swift; path = CustomAnimation.swift; sourceTree = "<group>"; };
		F788E14E24117255006C8423 /* AnimationBinder.swift */ = {isa = PBXFileReference; lastKnownFileType = sourcecode.swift; path = AnimationBinder.swift; sourceTree = "<group>"; };
		F788E15024117525006C8423 /* ExplicitAnimation.swift */ = {isa = PBXFileReference; lastKnownFileType = sourcecode.swift; path = ExplicitAnimation.swift; sourceTree = "<group>"; };
		F788E152241176EE006C8423 /* ControllingAnimation.swift */ = {isa = PBXFileReference; lastKnownFileType = sourcecode.swift; path = ControllingAnimation.swift; sourceTree = "<group>"; };
		F788E15424117833006C8423 /* GestureAnimation.swift */ = {isa = PBXFileReference; lastKnownFileType = sourcecode.swift; path = GestureAnimation.swift; sourceTree = "<group>"; };
		F788E15624117A41006C8423 /* ShowHideAnimation.swift */ = {isa = PBXFileReference; lastKnownFileType = sourcecode.swift; path = ShowHideAnimation.swift; sourceTree = "<group>"; };
		F788E15824118339006C8423 /* Anyview.swift */ = {isa = PBXFileReference; lastKnownFileType = sourcecode.swift; path = Anyview.swift; sourceTree = "<group>"; };
		F7BBA64A240F365B005AF4C1 /* SwiftUIDemo.app */ = {isa = PBXFileReference; explicitFileType = wrapper.application; includeInIndex = 0; path = SwiftUIDemo.app; sourceTree = BUILT_PRODUCTS_DIR; };
		F7BBA64D240F365B005AF4C1 /* AppDelegate.swift */ = {isa = PBXFileReference; lastKnownFileType = sourcecode.swift; path = AppDelegate.swift; sourceTree = "<group>"; };
		F7BBA64F240F365B005AF4C1 /* SceneDelegate.swift */ = {isa = PBXFileReference; lastKnownFileType = sourcecode.swift; path = SceneDelegate.swift; sourceTree = "<group>"; };
		F7BBA651240F365B005AF4C1 /* ContentView.swift */ = {isa = PBXFileReference; lastKnownFileType = sourcecode.swift; path = ContentView.swift; sourceTree = "<group>"; };
		F7BBA653240F365E005AF4C1 /* Assets.xcassets */ = {isa = PBXFileReference; lastKnownFileType = folder.assetcatalog; path = Assets.xcassets; sourceTree = "<group>"; };
		F7BBA656240F365E005AF4C1 /* Preview Assets.xcassets */ = {isa = PBXFileReference; lastKnownFileType = folder.assetcatalog; path = "Preview Assets.xcassets"; sourceTree = "<group>"; };
		F7BBA65B240F365E005AF4C1 /* Info.plist */ = {isa = PBXFileReference; lastKnownFileType = text.plist.xml; path = Info.plist; sourceTree = "<group>"; };
		F7BF0E0B241E860000711AA2 /* GestureList.swift */ = {isa = PBXFileReference; lastKnownFileType = sourcecode.swift; path = GestureList.swift; sourceTree = "<group>"; };
		F7BF0E0D241E86C200711AA2 /* Tapgesture.swift */ = {isa = PBXFileReference; lastKnownFileType = sourcecode.swift; path = Tapgesture.swift; sourceTree = "<group>"; };
		F7BF0E0F241E86D600711AA2 /* LongPressGesture.swift */ = {isa = PBXFileReference; lastKnownFileType = sourcecode.swift; path = LongPressGesture.swift; sourceTree = "<group>"; };
		F7BF0E11241E86F000711AA2 /* DragGesture.swift */ = {isa = PBXFileReference; lastKnownFileType = sourcecode.swift; path = DragGesture.swift; sourceTree = "<group>"; };
		F7BF0E13241E870100711AA2 /* MagnificationGesture.swift */ = {isa = PBXFileReference; lastKnownFileType = sourcecode.swift; path = MagnificationGesture.swift; sourceTree = "<group>"; };
		F7C45A05241E8A8400B79333 /* SimultaneousGesture.swift */ = {isa = PBXFileReference; lastKnownFileType = sourcecode.swift; path = SimultaneousGesture.swift; sourceTree = "<group>"; };
		F7C45A07241E8AB100B79333 /* SequenceGesture.swift */ = {isa = PBXFileReference; lastKnownFileType = sourcecode.swift; path = SequenceGesture.swift; sourceTree = "<group>"; };
		F7C45A09241E8B1B00B79333 /* ExclusiveGesture.swift */ = {isa = PBXFileReference; lastKnownFileType = sourcecode.swift; path = ExclusiveGesture.swift; sourceTree = "<group>"; };
		F7C45A0B241E8C1A00B79333 /* GestureMaskEventModifier.swift */ = {isa = PBXFileReference; lastKnownFileType = sourcecode.swift; path = GestureMaskEventModifier.swift; sourceTree = "<group>"; };
		F7C45A0E241E8CC600B79333 /* BIndingDemo.swift */ = {isa = PBXFileReference; lastKnownFileType = sourcecode.swift; path = BIndingDemo.swift; sourceTree = "<group>"; };
		F7C45A10241E8D4600B79333 /* StateDataList.swift */ = {isa = PBXFileReference; lastKnownFileType = sourcecode.swift; path = StateDataList.swift; sourceTree = "<group>"; };
		F7C45A12241E8DF200B79333 /* ObservedObj.swift */ = {isa = PBXFileReference; lastKnownFileType = sourcecode.swift; path = ObservedObj.swift; sourceTree = "<group>"; };
		F7C45A14241E8E4000B79333 /* EnvironmentObj.swift */ = {isa = PBXFileReference; lastKnownFileType = sourcecode.swift; path = EnvironmentObj.swift; sourceTree = "<group>"; };
/* End PBXFileReference section */

/* Begin PBXFrameworksBuildPhase section */
		F7BBA647240F365B005AF4C1 /* Frameworks */ = {
			isa = PBXFrameworksBuildPhase;
			buildActionMask = 2147483647;
			files = (
			);
			runOnlyForDeploymentPostprocessing = 0;
		};
/* End PBXFrameworksBuildPhase section */

/* Begin PBXGroup section */
		95039808241F76780013099C /* ViewLayout */ = {
			isa = PBXGroup;
			children = (
				F788E143241028F8006C8423 /* Alert_ActionSheet.swift */,
				F788E15824118339006C8423 /* Anyview.swift */,
				95039809241F76FA0013099C /* DynamicList.swift */,
				9503980D241F78DD0013099C /* ViewContainer.swift */,
			);
			path = ViewLayout;
			sourceTree = "<group>";
		};
		9503982B241F96000013099C /* Framework */ = {
			isa = PBXGroup;
			children = (
				95039832241F9A720013099C /* FrameworkList.swift */,
				9503982C241F96190013099C /* Imagepicker.swift */,
				95039830241F98EF0013099C /* ControllerRepresent.swift */,
				95039834241FA2540013099C /* ViewRepresent.swift */,
			);
			path = Framework;
			sourceTree = "<group>";
		};
		F788E14724116DE4006C8423 /* Animation */ = {
			isa = PBXGroup;
			children = (
				F788E14A24116EE1006C8423 /* AnimationList.swift */,
				F788E14824116DF7006C8423 /* ImplicitAnimation.swift */,
				F788E14C241170B5006C8423 /* CustomAnimation.swift */,
				F788E14E24117255006C8423 /* AnimationBinder.swift */,
				F788E15024117525006C8423 /* ExplicitAnimation.swift */,
				F788E152241176EE006C8423 /* ControllingAnimation.swift */,
				F788E15424117833006C8423 /* GestureAnimation.swift */,
				F788E15624117A41006C8423 /* ShowHideAnimation.swift */,
			);
			path = Animation;
			sourceTree = "<group>";
		};
		F7BBA641240F365B005AF4C1 = {
			isa = PBXGroup;
			children = (
				F7BBA64C240F365B005AF4C1 /* SwiftUIDemo */,
				F7BBA64B240F365B005AF4C1 /* Products */,
			);
			sourceTree = "<group>";
		};
		F7BBA64B240F365B005AF4C1 /* Products */ = {
			isa = PBXGroup;
			children = (
				F7BBA64A240F365B005AF4C1 /* SwiftUIDemo.app */,
			);
			name = Products;
			sourceTree = "<group>";
		};
		F7BBA64C240F365B005AF4C1 /* SwiftUIDemo */ = {
			isa = PBXGroup;
			children = (
				9503982B241F96000013099C /* Framework */,
				95039808241F76780013099C /* ViewLayout */,
				F788E14724116DE4006C8423 /* Animation */,
				F7BF0E0A241E85E500711AA2 /* Gesture */,
				F7C45A0D241E8CA800B79333 /* StateDataFlow */,
				F7BBA64D240F365B005AF4C1 /* AppDelegate.swift */,
				F7BBA64F240F365B005AF4C1 /* SceneDelegate.swift */,
				F7BBA651240F365B005AF4C1 /* ContentView.swift */,
				F788E14124101D7B006C8423 /* ViewBuilderDemo.swift */,
				F788E139241008AD006C8423 /* ValueSelector.swift */,
				F788E1372410087D006C8423 /* BasicComponent.swift */,
				F7BBA653240F365E005AF4C1 /* Assets.xcassets */,
				F7BBA658240F365E005AF4C1 /* LaunchScreen.storyboard */,
				F7BBA65B240F365E005AF4C1 /* Info.plist */,
				F7BBA655240F365E005AF4C1 /* Preview Content */,
				9503980F241F80B00013099C /* TaskList.xcdatamodeld */,
			);
			path = SwiftUIDemo;
			sourceTree = "<group>";
		};
		F7BBA655240F365E005AF4C1 /* Preview Content */ = {
			isa = PBXGroup;
			children = (
				F7BBA656240F365E005AF4C1 /* Preview Assets.xcassets */,
			);
			path = "Preview Content";
			sourceTree = "<group>";
		};
		F7BF0E0A241E85E500711AA2 /* Gesture */ = {
			isa = PBXGroup;
			children = (
				F7BF0E0B241E860000711AA2 /* GestureList.swift */,
				F7BF0E0D241E86C200711AA2 /* Tapgesture.swift */,
				F7BF0E0F241E86D600711AA2 /* LongPressGesture.swift */,
				F7BF0E11241E86F000711AA2 /* DragGesture.swift */,
				F7BF0E13241E870100711AA2 /* MagnificationGesture.swift */,
				F7C45A07241E8AB100B79333 /* SequenceGesture.swift */,
				F7C45A05241E8A8400B79333 /* SimultaneousGesture.swift */,
				F7C45A09241E8B1B00B79333 /* ExclusiveGesture.swift */,
				F7C45A0B241E8C1A00B79333 /* GestureMaskEventModifier.swift */,
			);
			path = Gesture;
			sourceTree = "<group>";
		};
		F7C45A0D241E8CA800B79333 /* StateDataFlow */ = {
			isa = PBXGroup;
			children = (
				F7C45A10241E8D4600B79333 /* StateDataList.swift */,
				F7C45A0E241E8CC600B79333 /* BIndingDemo.swift */,
				F7C45A12241E8DF200B79333 /* ObservedObj.swift */,
				F7C45A14241E8E4000B79333 /* EnvironmentObj.swift */,
				95039812241F81020013099C /* FetchData.swift */,
				95039816241F81420013099C /* Task+Extensions.swift */,
				95039818241F84CE0013099C /* Preferencekey.swift */,
				9503981A241F8BF00013099C /* Localized.swift */,
			);
			path = StateDataFlow;
			sourceTree = "<group>";
		};
/* End PBXGroup section */

/* Begin PBXNativeTarget section */
		F7BBA649240F365B005AF4C1 /* SwiftUIDemo */ = {
			isa = PBXNativeTarget;
			buildConfigurationList = F7BBA65E240F365E005AF4C1 /* Build configuration list for PBXNativeTarget "SwiftUIDemo" */;
			buildPhases = (
				F7BBA646240F365B005AF4C1 /* Sources */,
				F7BBA647240F365B005AF4C1 /* Frameworks */,
				F7BBA648240F365B005AF4C1 /* Resources */,
			);
			buildRules = (
			);
			dependencies = (
			);
			name = SwiftUIDemo;
			productName = SwiftUIDemo;
			productReference = F7BBA64A240F365B005AF4C1 /* SwiftUIDemo.app */;
			productType = "com.apple.product-type.application";
		};
/* End PBXNativeTarget section */

/* Begin PBXProject section */
		F7BBA642240F365B005AF4C1 /* Project object */ = {
			isa = PBXProject;
			attributes = {
				LastSwiftUpdateCheck = 1130;
				LastUpgradeCheck = 1130;
				ORGANIZATIONNAME = "Hardik Ramolia";
				TargetAttributes = {
					F7BBA649240F365B005AF4C1 = {
						CreatedOnToolsVersion = 11.3.1;
					};
				};
			};
			buildConfigurationList = F7BBA645240F365B005AF4C1 /* Build configuration list for PBXProject "SwiftUIDemo" */;
			compatibilityVersion = "Xcode 9.3";
			developmentRegion = en;
			hasScannedForEncodings = 0;
			knownRegions = (
				en,
				Base,
				de,
			);
			mainGroup = F7BBA641240F365B005AF4C1;
			productRefGroup = F7BBA64B240F365B005AF4C1 /* Products */;
			projectDirPath = "";
			projectRoot = "";
			targets = (
				F7BBA649240F365B005AF4C1 /* SwiftUIDemo */,
			);
		};
/* End PBXProject section */

/* Begin PBXResourcesBuildPhase section */
		F7BBA648240F365B005AF4C1 /* Resources */ = {
			isa = PBXResourcesBuildPhase;
			buildActionMask = 2147483647;
			files = (
				F7BBA65A240F365E005AF4C1 /* LaunchScreen.storyboard in Resources */,
				F7BBA657240F365E005AF4C1 /* Preview Assets.xcassets in Resources */,
				F7BBA654240F365E005AF4C1 /* Assets.xcassets in Resources */,
			);
			runOnlyForDeploymentPostprocessing = 0;
		};
/* End PBXResourcesBuildPhase section */

/* Begin PBXSourcesBuildPhase section */
		F7BBA646240F365B005AF4C1 /* Sources */ = {
			isa = PBXSourcesBuildPhase;
			buildActionMask = 2147483647;
			files = (
				95039819241F84CE0013099C /* Preferencekey.swift in Sources */,
				9503980E241F78DD0013099C /* ViewContainer.swift in Sources */,
				F7C45A0F241E8CC600B79333 /* BIndingDemo.swift in Sources */,
				F7C45A13241E8DF200B79333 /* ObservedObj.swift in Sources */,
				F788E15524117833006C8423 /* GestureAnimation.swift in Sources */,
				F788E1382410087D006C8423 /* BasicComponent.swift in Sources */,
				F7C45A0C241E8C1A00B79333 /* GestureMaskEventModifier.swift in Sources */,
				95039817241F81420013099C /* Task+Extensions.swift in Sources */,
				F7C45A08241E8AB100B79333 /* SequenceGesture.swift in Sources */,
				F788E15724117A41006C8423 /* ShowHideAnimation.swift in Sources */,
				F7BF0E0C241E860000711AA2 /* GestureList.swift in Sources */,
				F7C45A06241E8A8400B79333 /* SimultaneousGesture.swift in Sources */,
				9503982D241F96190013099C /* Imagepicker.swift in Sources */,
				F7BBA64E240F365B005AF4C1 /* AppDelegate.swift in Sources */,
				9503981B241F8BF00013099C /* Localized.swift in Sources */,
				F7C45A15241E8E4000B79333 /* EnvironmentObj.swift in Sources */,
				95039831241F98EF0013099C /* ControllerRepresent.swift in Sources */,
				95039835241FA2540013099C /* ViewRepresent.swift in Sources */,
				F788E144241028F8006C8423 /* Alert_ActionSheet.swift in Sources */,
				95039813241F81020013099C /* FetchData.swift in Sources */,
				F7BBA650240F365B005AF4C1 /* SceneDelegate.swift in Sources */,
				F788E14224101D7C006C8423 /* ViewBuilderDemo.swift in Sources */,
				F788E153241176EE006C8423 /* ControllingAnimation.swift in Sources */,
				F788E14924116DF7006C8423 /* ImplicitAnimation.swift in Sources */,
				F788E14B24116EE1006C8423 /* AnimationList.swift in Sources */,
				F788E14F24117255006C8423 /* AnimationBinder.swift in Sources */,
				F788E15924118339006C8423 /* Anyview.swift in Sources */,
				F7BF0E12241E86F000711AA2 /* DragGesture.swift in Sources */,
				F7C45A0A241E8B1B00B79333 /* ExclusiveGesture.swift in Sources */,
				F788E15124117525006C8423 /* ExplicitAnimation.swift in Sources */,
				95039833241F9A720013099C /* FrameworkList.swift in Sources */,
				F788E13A241008AD006C8423 /* ValueSelector.swift in Sources */,
				F7C45A11241E8D4600B79333 /* StateDataList.swift in Sources */,
				F7BF0E10241E86D600711AA2 /* LongPressGesture.swift in Sources */,
				F7BBA652240F365B005AF4C1 /* ContentView.swift in Sources */,
				F788E14D241170B5006C8423 /* CustomAnimation.swift in Sources */,
				95039811241F80B00013099C /* TaskList.xcdatamodeld in Sources */,
				F7BF0E0E241E86C200711AA2 /* Tapgesture.swift in Sources */,
				F7BF0E14241E870100711AA2 /* MagnificationGesture.swift in Sources */,
				9503980A241F76FA0013099C /* DynamicList.swift in Sources */,
			);
			runOnlyForDeploymentPostprocessing = 0;
		};
/* End PBXSourcesBuildPhase section */

/* Begin PBXVariantGroup section */
		F7BBA658240F365E005AF4C1 /* LaunchScreen.storyboard */ = {
			isa = PBXVariantGroup;
			children = (
				9503981F241F8CF80013099C /* Base */,
				95039827241F8DD50013099C /* de */,
				9503982A241F8E0F0013099C /* en */,
			);
			name = LaunchScreen.storyboard;
			sourceTree = "<group>";
		};
/* End PBXVariantGroup section */

/* Begin XCBuildConfiguration section */
		F7BBA65C240F365E005AF4C1 /* Debug */ = {
			isa = XCBuildConfiguration;
			buildSettings = {
				ALWAYS_SEARCH_USER_PATHS = NO;
				CLANG_ANALYZER_LOCALIZABILITY_NONLOCALIZED = YES;
				CLANG_ANALYZER_NONNULL = YES;
				CLANG_ANALYZER_NUMBER_OBJECT_CONVERSION = YES_AGGRESSIVE;
				CLANG_CXX_LANGUAGE_STANDARD = "gnu++14";
				CLANG_CXX_LIBRARY = "libc++";
				CLANG_ENABLE_MODULES = YES;
				CLANG_ENABLE_OBJC_ARC = YES;
				CLANG_ENABLE_OBJC_WEAK = YES;
				CLANG_WARN_BLOCK_CAPTURE_AUTORELEASING = YES;
				CLANG_WARN_BOOL_CONVERSION = YES;
				CLANG_WARN_COMMA = YES;
				CLANG_WARN_CONSTANT_CONVERSION = YES;
				CLANG_WARN_DEPRECATED_OBJC_IMPLEMENTATIONS = YES;
				CLANG_WARN_DIRECT_OBJC_ISA_USAGE = YES_ERROR;
				CLANG_WARN_DOCUMENTATION_COMMENTS = YES;
				CLANG_WARN_EMPTY_BODY = YES;
				CLANG_WARN_ENUM_CONVERSION = YES;
				CLANG_WARN_INFINITE_RECURSION = YES;
				CLANG_WARN_INT_CONVERSION = YES;
				CLANG_WARN_NON_LITERAL_NULL_CONVERSION = YES;
				CLANG_WARN_OBJC_IMPLICIT_RETAIN_SELF = YES;
				CLANG_WARN_OBJC_LITERAL_CONVERSION = YES;
				CLANG_WARN_OBJC_ROOT_CLASS = YES_ERROR;
				CLANG_WARN_RANGE_LOOP_ANALYSIS = YES;
				CLANG_WARN_STRICT_PROTOTYPES = YES;
				CLANG_WARN_SUSPICIOUS_MOVE = YES;
				CLANG_WARN_UNGUARDED_AVAILABILITY = YES_AGGRESSIVE;
				CLANG_WARN_UNREACHABLE_CODE = YES;
				CLANG_WARN__DUPLICATE_METHOD_MATCH = YES;
				COPY_PHASE_STRIP = NO;
				DEBUG_INFORMATION_FORMAT = dwarf;
				ENABLE_STRICT_OBJC_MSGSEND = YES;
				ENABLE_TESTABILITY = YES;
				GCC_C_LANGUAGE_STANDARD = gnu11;
				GCC_DYNAMIC_NO_PIC = NO;
				GCC_NO_COMMON_BLOCKS = YES;
				GCC_OPTIMIZATION_LEVEL = 0;
				GCC_PREPROCESSOR_DEFINITIONS = (
					"DEBUG=1",
					"$(inherited)",
				);
				GCC_WARN_64_TO_32_BIT_CONVERSION = YES;
				GCC_WARN_ABOUT_RETURN_TYPE = YES_ERROR;
				GCC_WARN_UNDECLARED_SELECTOR = YES;
				GCC_WARN_UNINITIALIZED_AUTOS = YES_AGGRESSIVE;
				GCC_WARN_UNUSED_FUNCTION = YES;
				GCC_WARN_UNUSED_VARIABLE = YES;
				IPHONEOS_DEPLOYMENT_TARGET = 13.2;
				MTL_ENABLE_DEBUG_INFO = INCLUDE_SOURCE;
				MTL_FAST_MATH = YES;
				ONLY_ACTIVE_ARCH = YES;
				SDKROOT = iphoneos;
				SWIFT_ACTIVE_COMPILATION_CONDITIONS = DEBUG;
				SWIFT_OPTIMIZATION_LEVEL = "-Onone";
			};
			name = Debug;
		};
		F7BBA65D240F365E005AF4C1 /* Release */ = {
			isa = XCBuildConfiguration;
			buildSettings = {
				ALWAYS_SEARCH_USER_PATHS = NO;
				CLANG_ANALYZER_LOCALIZABILITY_NONLOCALIZED = YES;
				CLANG_ANALYZER_NONNULL = YES;
				CLANG_ANALYZER_NUMBER_OBJECT_CONVERSION = YES_AGGRESSIVE;
				CLANG_CXX_LANGUAGE_STANDARD = "gnu++14";
				CLANG_CXX_LIBRARY = "libc++";
				CLANG_ENABLE_MODULES = YES;
				CLANG_ENABLE_OBJC_ARC = YES;
				CLANG_ENABLE_OBJC_WEAK = YES;
				CLANG_WARN_BLOCK_CAPTURE_AUTORELEASING = YES;
				CLANG_WARN_BOOL_CONVERSION = YES;
				CLANG_WARN_COMMA = YES;
				CLANG_WARN_CONSTANT_CONVERSION = YES;
				CLANG_WARN_DEPRECATED_OBJC_IMPLEMENTATIONS = YES;
				CLANG_WARN_DIRECT_OBJC_ISA_USAGE = YES_ERROR;
				CLANG_WARN_DOCUMENTATION_COMMENTS = YES;
				CLANG_WARN_EMPTY_BODY = YES;
				CLANG_WARN_ENUM_CONVERSION = YES;
				CLANG_WARN_INFINITE_RECURSION = YES;
				CLANG_WARN_INT_CONVERSION = YES;
				CLANG_WARN_NON_LITERAL_NULL_CONVERSION = YES;
				CLANG_WARN_OBJC_IMPLICIT_RETAIN_SELF = YES;
				CLANG_WARN_OBJC_LITERAL_CONVERSION = YES;
				CLANG_WARN_OBJC_ROOT_CLASS = YES_ERROR;
				CLANG_WARN_RANGE_LOOP_ANALYSIS = YES;
				CLANG_WARN_STRICT_PROTOTYPES = YES;
				CLANG_WARN_SUSPICIOUS_MOVE = YES;
				CLANG_WARN_UNGUARDED_AVAILABILITY = YES_AGGRESSIVE;
				CLANG_WARN_UNREACHABLE_CODE = YES;
				CLANG_WARN__DUPLICATE_METHOD_MATCH = YES;
				COPY_PHASE_STRIP = NO;
				DEBUG_INFORMATION_FORMAT = "dwarf-with-dsym";
				ENABLE_NS_ASSERTIONS = NO;
				ENABLE_STRICT_OBJC_MSGSEND = YES;
				GCC_C_LANGUAGE_STANDARD = gnu11;
				GCC_NO_COMMON_BLOCKS = YES;
				GCC_WARN_64_TO_32_BIT_CONVERSION = YES;
				GCC_WARN_ABOUT_RETURN_TYPE = YES_ERROR;
				GCC_WARN_UNDECLARED_SELECTOR = YES;
				GCC_WARN_UNINITIALIZED_AUTOS = YES_AGGRESSIVE;
				GCC_WARN_UNUSED_FUNCTION = YES;
				GCC_WARN_UNUSED_VARIABLE = YES;
				IPHONEOS_DEPLOYMENT_TARGET = 13.2;
				MTL_ENABLE_DEBUG_INFO = NO;
				MTL_FAST_MATH = YES;
				SDKROOT = iphoneos;
				SWIFT_COMPILATION_MODE = wholemodule;
				SWIFT_OPTIMIZATION_LEVEL = "-O";
				VALIDATE_PRODUCT = YES;
			};
			name = Release;
		};
		F7BBA65F240F365E005AF4C1 /* Debug */ = {
			isa = XCBuildConfiguration;
			buildSettings = {
				ASSETCATALOG_COMPILER_APPICON_NAME = AppIcon;
				CODE_SIGN_STYLE = Automatic;
				DEVELOPMENT_ASSET_PATHS = "\"SwiftUIDemo/Preview Content\"";
				DEVELOPMENT_TEAM = GXAMVF2T9M;
				ENABLE_PREVIEWS = YES;
				INFOPLIST_FILE = SwiftUIDemo/Info.plist;
				LD_RUNPATH_SEARCH_PATHS = (
					"$(inherited)",
					"@executable_path/Frameworks",
				);
				PRODUCT_BUNDLE_IDENTIFIER = "com.Step-Up.SwiftUIDemo";
				PRODUCT_NAME = "$(TARGET_NAME)";
				SWIFT_VERSION = 5.0;
				TARGETED_DEVICE_FAMILY = "1,2";
			};
			name = Debug;
		};
		F7BBA660240F365E005AF4C1 /* Release */ = {
			isa = XCBuildConfiguration;
			buildSettings = {
				ASSETCATALOG_COMPILER_APPICON_NAME = AppIcon;
				CODE_SIGN_STYLE = Automatic;
				DEVELOPMENT_ASSET_PATHS = "\"SwiftUIDemo/Preview Content\"";
				DEVELOPMENT_TEAM = GXAMVF2T9M;
				ENABLE_PREVIEWS = YES;
				INFOPLIST_FILE = SwiftUIDemo/Info.plist;
				LD_RUNPATH_SEARCH_PATHS = (
					"$(inherited)",
					"@executable_path/Frameworks",
				);
				PRODUCT_BUNDLE_IDENTIFIER = "com.Step-Up.SwiftUIDemo";
				PRODUCT_NAME = "$(TARGET_NAME)";
				SWIFT_VERSION = 5.0;
				TARGETED_DEVICE_FAMILY = "1,2";
			};
			name = Release;
		};
/* End XCBuildConfiguration section */

/* Begin XCConfigurationList section */
		F7BBA645240F365B005AF4C1 /* Build configuration list for PBXProject "SwiftUIDemo" */ = {
			isa = XCConfigurationList;
			buildConfigurations = (
				F7BBA65C240F365E005AF4C1 /* Debug */,
				F7BBA65D240F365E005AF4C1 /* Release */,
			);
			defaultConfigurationIsVisible = 0;
			defaultConfigurationName = Release;
		};
		F7BBA65E240F365E005AF4C1 /* Build configuration list for PBXNativeTarget "SwiftUIDemo" */ = {
			isa = XCConfigurationList;
			buildConfigurations = (
				F7BBA65F240F365E005AF4C1 /* Debug */,
				F7BBA660240F365E005AF4C1 /* Release */,
			);
			defaultConfigurationIsVisible = 0;
			defaultConfigurationName = Release;
		};
/* End XCConfigurationList section */

/* Begin XCVersionGroup section */
		9503980F241F80B00013099C /* TaskList.xcdatamodeld */ = {
			isa = XCVersionGroup;
			children = (
				95039810241F80B00013099C /* TaskList.xcdatamodel */,
			);
			currentVersion = 95039810241F80B00013099C /* TaskList.xcdatamodel */;
			path = TaskList.xcdatamodeld;
			sourceTree = "<group>";
			versionGroupType = wrapper.xcdatamodel;
		};
/* End XCVersionGroup section */
	};
	rootObject = F7BBA642240F365B005AF4C1 /* Project object */;
}
